
Microsoft Visual Studio Solution File, Format Version 12.00
# Visual Studio Version 17
VisualStudioVersion = 17.0.31903.59
MinimumVisualStudioVersion = 10.0.40219.1
Project("{2150E333-8FDC-42A3-9474-1A3956D46DE8}") = "src", "src", "{827E0CD3-B72D-47B6-A68D-7590B98EB39B}"
EndProject
Project("{FAE04EC0-301F-11D3-BF4B-00C04F79EFBC}") = "GymManagement.Api", "src\GymManagement.Api\GymManagement.Api.csproj", "{3049B1F4-96C2-488E-AC78-66A136E153F5}"
EndProject
Project("{FAE04EC0-301F-11D3-BF4B-00C04F79EFBC}") = "GymManagement.Application", "src\GymManagement.Application\GymManagement.Application.csproj", "{A0C2C5E8-5161-4473-9ECA-A549352A7B7F}"
EndProject
Project("{FAE04EC0-301F-11D3-BF4B-00C04F79EFBC}") = "GymManagement.Domain", "src\GymManagement.Domain\GymManagement.Domain.csproj", "{139C77E6-C0A0-492F-A4AE-6CE31FC5ADF4}"
EndProject
Project("{FAE04EC0-301F-11D3-BF4B-00C04F79EFBC}") = "GymManagement.Infrastructure", "src\GymManagement.Infrastructure\GymManagement.Infrastructure.csproj", "{7BFBAE1C-32A2-49DB-AEC9-1FD59C56DB6E}"
EndProject
Project("{FAE04EC0-301F-11D3-BF4B-00C04F79EFBC}") = "GymManagement.Contracts", "src\GymManagement.Contracts\GymManagement.Contracts.csproj", "{2C3EBA00-D610-4E62-B36A-46549037939A}"
EndProject
Global
	GlobalSection(SolutionConfigurationPlatforms) = preSolution
		Debug|Any CPU = Debug|Any CPU
		Debug|x64 = Debug|x64
		Debug|x86 = Debug|x86
		Release|Any CPU = Release|Any CPU
		Release|x64 = Release|x64
		Release|x86 = Release|x86
	EndGlobalSection
	GlobalSection(ProjectConfigurationPlatforms) = postSolution
		{3049B1F4-96C2-488E-AC78-66A136E153F5}.Debug|Any CPU.ActiveCfg = Debug|Any CPU
		{3049B1F4-96C2-488E-AC78-66A136E153F5}.Debug|Any CPU.Build.0 = Debug|Any CPU
		{3049B1F4-96C2-488E-AC78-66A136E153F5}.Debug|x64.ActiveCfg = Debug|Any CPU
		{3049B1F4-96C2-488E-AC78-66A136E153F5}.Debug|x64.Build.0 = Debug|Any CPU
		{3049B1F4-96C2-488E-AC78-66A136E153F5}.Debug|x86.ActiveCfg = Debug|Any CPU
		{3049B1F4-96C2-488E-AC78-66A136E153F5}.Debug|x86.Build.0 = Debug|Any CPU
		{3049B1F4-96C2-488E-AC78-66A136E153F5}.Release|Any CPU.ActiveCfg = Release|Any CPU
		{3049B1F4-96C2-488E-AC78-66A136E153F5}.Release|Any CPU.Build.0 = Release|Any CPU
		{3049B1F4-96C2-488E-AC78-66A136E153F5}.Release|x64.ActiveCfg = Release|Any CPU
		{3049B1F4-96C2-488E-AC78-66A136E153F5}.Release|x64.Build.0 = Release|Any CPU
		{3049B1F4-96C2-488E-AC78-66A136E153F5}.Release|x86.ActiveCfg = Release|Any CPU
		{3049B1F4-96C2-488E-AC78-66A136E153F5}.Release|x86.Build.0 = Release|Any CPU
		{A0C2C5E8-5161-4473-9ECA-A549352A7B7F}.Debug|Any CPU.ActiveCfg = Debug|Any CPU
		{A0C2C5E8-5161-4473-9ECA-A549352A7B7F}.Debug|Any CPU.Build.0 = Debug|Any CPU
		{A0C2C5E8-5161-4473-9ECA-A549352A7B7F}.Debug|x64.ActiveCfg = Debug|Any CPU
		{A0C2C5E8-5161-4473-9ECA-A549352A7B7F}.Debug|x64.Build.0 = Debug|Any CPU
		{A0C2C5E8-5161-4473-9ECA-A549352A7B7F}.Debug|x86.ActiveCfg = Debug|Any CPU
		{A0C2C5E8-5161-4473-9ECA-A549352A7B7F}.Debug|x86.Build.0 = Debug|Any CPU
		{A0C2C5E8-5161-4473-9ECA-A549352A7B7F}.Release|Any CPU.ActiveCfg = Release|Any CPU
		{A0C2C5E8-5161-4473-9ECA-A549352A7B7F}.Release|Any CPU.Build.0 = Release|Any CPU
		{A0C2C5E8-5161-4473-9ECA-A549352A7B7F}.Release|x64.ActiveCfg = Release|Any CPU
		{A0C2C5E8-5161-4473-9ECA-A549352A7B7F}.Release|x64.Build.0 = Release|Any CPU
		{A0C2C5E8-5161-4473-9ECA-A549352A7B7F}.Release|x86.ActiveCfg = Release|Any CPU
		{A0C2C5E8-5161-4473-9ECA-A549352A7B7F}.Release|x86.Build.0 = Release|Any CPU
		{139C77E6-C0A0-492F-A4AE-6CE31FC5ADF4}.Debug|Any CPU.ActiveCfg = Debug|Any CPU
		{139C77E6-C0A0-492F-A4AE-6CE31FC5ADF4}.Debug|Any CPU.Build.0 = Debug|Any CPU
		{139C77E6-C0A0-492F-A4AE-6CE31FC5ADF4}.Debug|x64.ActiveCfg = Debug|Any CPU
		{139C77E6-C0A0-492F-A4AE-6CE31FC5ADF4}.Debug|x64.Build.0 = Debug|Any CPU
		{139C77E6-C0A0-492F-A4AE-6CE31FC5ADF4}.Debug|x86.ActiveCfg = Debug|Any CPU
		{139C77E6-C0A0-492F-A4AE-6CE31FC5ADF4}.Debug|x86.Build.0 = Debug|Any CPU
		{139C77E6-C0A0-492F-A4AE-6CE31FC5ADF4}.Release|Any CPU.ActiveCfg = Release|Any CPU
		{139C77E6-C0A0-492F-A4AE-6CE31FC5ADF4}.Release|Any CPU.Build.0 = Release|Any CPU
		{139C77E6-C0A0-492F-A4AE-6CE31FC5ADF4}.Release|x64.ActiveCfg = Release|Any CPU
		{139C77E6-C0A0-492F-A4AE-6CE31FC5ADF4}.Release|x64.Build.0 = Release|Any CPU
		{139C77E6-C0A0-492F-A4AE-6CE31FC5ADF4}.Release|x86.ActiveCfg = Release|Any CPU
		{139C77E6-C0A0-492F-A4AE-6CE31FC5ADF4}.Release|x86.Build.0 = Release|Any CPU
		{7BFBAE1C-32A2-49DB-AEC9-1FD59C56DB6E}.Debug|Any CPU.ActiveCfg = Debug|Any CPU
		{7BFBAE1C-32A2-49DB-AEC9-1FD59C56DB6E}.Debug|Any CPU.Build.0 = Debug|Any CPU
		{7BFBAE1C-32A2-49DB-AEC9-1FD59C56DB6E}.Debug|x64.ActiveCfg = Debug|Any CPU
		{7BFBAE1C-32A2-49DB-AEC9-1FD59C56DB6E}.Debug|x64.Build.0 = Debug|Any CPU
		{7BFBAE1C-32A2-49DB-AEC9-1FD59C56DB6E}.Debug|x86.ActiveCfg = Debug|Any CPU
		{7BFBAE1C-32A2-49DB-AEC9-1FD59C56DB6E}.Debug|x86.Build.0 = Debug|Any CPU
		{7BFBAE1C-32A2-49DB-AEC9-1FD59C56DB6E}.Release|Any CPU.ActiveCfg = Release|Any CPU
		{7BFBAE1C-32A2-49DB-AEC9-1FD59C56DB6E}.Release|Any CPU.Build.0 = Release|Any CPU
		{7BFBAE1C-32A2-49DB-AEC9-1FD59C56DB6E}.Release|x64.ActiveCfg = Release|Any CPU
		{7BFBAE1C-32A2-49DB-AEC9-1FD59C56DB6E}.Release|x64.Build.0 = Release|Any CPU
		{7BFBAE1C-32A2-49DB-AEC9-1FD59C56DB6E}.Release|x86.ActiveCfg = Release|Any CPU
		{7BFBAE1C-32A2-49DB-AEC9-1FD59C56DB6E}.Release|x86.Build.0 = Release|Any CPU
		{2C3EBA00-D610-4E62-B36A-46549037939A}.Debug|Any CPU.ActiveCfg = Debug|Any CPU
		{2C3EBA00-D610-4E62-B36A-46549037939A}.Debug|Any CPU.Build.0 = Debug|Any CPU
		{2C3EBA00-D610-4E62-B36A-46549037939A}.Debug|x64.ActiveCfg = Debug|Any CPU
		{2C3EBA00-D610-4E62-B36A-46549037939A}.Debug|x64.Build.0 = Debug|Any CPU
		{2C3EBA00-D610-4E62-B36A-46549037939A}.Debug|x86.ActiveCfg = Debug|Any CPU
		{2C3EBA00-D610-4E62-B36A-46549037939A}.Debug|x86.Build.0 = Debug|Any CPU
		{2C3EBA00-D610-4E62-B36A-46549037939A}.Release|Any CPU.ActiveCfg = Release|Any CPU
		{2C3EBA00-D610-4E62-B36A-46549037939A}.Release|Any CPU.Build.0 = Release|Any CPU
		{2C3EBA00-D610-4E62-B36A-46549037939A}.Release|x64.ActiveCfg = Release|Any CPU
		{2C3EBA00-D610-4E62-B36A-46549037939A}.Release|x64.Build.0 = Release|Any CPU
		{2C3EBA00-D610-4E62-B36A-46549037939A}.Release|x86.ActiveCfg = Release|Any CPU
		{2C3EBA00-D610-4E62-B36A-46549037939A}.Release|x86.Build.0 = Release|Any CPU
	EndGlobalSection
	GlobalSection(SolutionProperties) = preSolution
		HideSolutionNode = FALSE
	EndGlobalSection
	GlobalSection(NestedProjects) = preSolution
		{3049B1F4-96C2-488E-AC78-66A136E153F5} = {827E0CD3-B72D-47B6-A68D-7590B98EB39B}
		{A0C2C5E8-5161-4473-9ECA-A549352A7B7F} = {827E0CD3-B72D-47B6-A68D-7590B98EB39B}
		{139C77E6-C0A0-492F-A4AE-6CE31FC5ADF4} = {827E0CD3-B72D-47B6-A68D-7590B98EB39B}
		{7BFBAE1C-32A2-49DB-AEC9-1FD59C56DB6E} = {827E0CD3-B72D-47B6-A68D-7590B98EB39B}
		{2C3EBA00-D610-4E62-B36A-46549037939A} = {827E0CD3-B72D-47B6-A68D-7590B98EB39B}
	EndGlobalSection
EndGlobal
